// !$*UTF8*$!
{
	archiveVersion = 1;
	classes = {
	};
	objectVersion = 46;
	objects = {

/* Begin PBXBuildFile section */
		33791FE11AAF96AE00D22264 /* main.m in Sources */ = {isa = PBXBuildFile; fileRef = 33791FE01AAF96AE00D22264 /* main.m */; };
		33791FE41AAF96AE00D22264 /* AppDelegate.m in Sources */ = {isa = PBXBuildFile; fileRef = 33791FE31AAF96AE00D22264 /* AppDelegate.m */; };
		33791FE71AAF96AE00D22264 /* ViewController.m in Sources */ = {isa = PBXBuildFile; fileRef = 33791FE61AAF96AE00D22264 /* ViewController.m */; };
		33791FEA1AAF96AE00D22264 /* Main.storyboard in Resources */ = {isa = PBXBuildFile; fileRef = 33791FE81AAF96AE00D22264 /* Main.storyboard */; };
		33791FEC1AAF96AE00D22264 /* Images.xcassets in Resources */ = {isa = PBXBuildFile; fileRef = 33791FEB1AAF96AE00D22264 /* Images.xcassets */; };
		33791FEF1AAF96AE00D22264 /* LaunchScreen.xib in Resources */ = {isa = PBXBuildFile; fileRef = 33791FED1AAF96AE00D22264 /* LaunchScreen.xib */; };
		33791FFB1AAF96AE00D22264 /* MyGitAppExampleTests.m in Sources */ = {isa = PBXBuildFile; fileRef = 33791FFA1AAF96AE00D22264 /* MyGitAppExampleTests.m */; };
/* End PBXBuildFile section */

/* Begin PBXContainerItemProxy section */
		33791FF51AAF96AE00D22264 /* PBXContainerItemProxy */ = {
			isa = PBXContainerItemProxy;
			containerPortal = 33791FD31AAF96AE00D22264 /* Project object */;
			proxyType = 1;
			remoteGlobalIDString = 33791FDA1AAF96AE00D22264;
			remoteInfo = MyGitAppExample;
		};
/* End PBXContainerItemProxy section */

/* Begin PBXFileReference section */
		33791FDB1AAF96AE00D22264 /* MyGitAppExample.app */ = {isa = PBXFileReference; explicitFileType = wrapper.application; includeInIndex = 0; path = MyGitAppExample.app; sourceTree = BUILT_PRODUCTS_DIR; };
		33791FDF1AAF96AE00D22264 /* Info.plist */ = {isa = PBXFileReference; lastKnownFileType = text.plist.xml; path = Info.plist; sourceTree = "<group>"; };
		33791FE01AAF96AE00D22264 /* main.m */ = {isa = PBXFileReference; lastKnownFileType = sourcecode.c.objc; path = main.m; sourceTree = "<group>"; };
		33791FE21AAF96AE00D22264 /* AppDelegate.h */ = {isa = PBXFileReference; lastKnownFileType = sourcecode.c.h; path = AppDelegate.h; sourceTree = "<group>"; };
		33791FE31AAF96AE00D22264 /* AppDelegate.m */ = {isa = PBXFileReference; lastKnownFileType = sourcecode.c.objc; path = AppDelegate.m; sourceTree = "<group>"; };
		33791FE51AAF96AE00D22264 /* ViewController.h */ = {isa = PBXFileReference; lastKnownFileType = sourcecode.c.h; path = ViewController.h; sourceTree = "<group>"; };
		33791FE61AAF96AE00D22264 /* ViewController.m */ = {isa = PBXFileReference; lastKnownFileType = sourcecode.c.objc; path = ViewController.m; sourceTree = "<group>"; };
		33791FE91AAF96AE00D22264 /* Base */ = {isa = PBXFileReference; lastKnownFileType = file.storyboard; name = Base; path = Base.lproj/Main.storyboard; sourceTree = "<group>"; };
		33791FEB1AAF96AE00D22264 /* Images.xcassets */ = {isa = PBXFileReference; lastKnownFileType = folder.assetcatalog; path = Images.xcassets; sourceTree = "<group>"; };
		33791FEE1AAF96AE00D22264 /* Base */ = {isa = PBXFileReference; lastKnownFileType = file.xib; name = Base; path = Base.lproj/LaunchScreen.xib; sourceTree = "<group>"; };
		33791FF41AAF96AE00D22264 /* MyGitAppExampleTests.xctest */ = {isa = PBXFileReference; explicitFileType = wrapper.cfbundle; includeInIndex = 0; path = MyGitAppExampleTests.xctest; sourceTree = BUILT_PRODUCTS_DIR; };
		33791FF91AAF96AE00D22264 /* Info.plist */ = {isa = PBXFileReference; lastKnownFileType = text.plist.xml; path = Info.plist; sourceTree = "<group>"; };
		33791FFA1AAF96AE00D22264 /* MyGitAppExampleTests.m */ = {isa = PBXFileReference; lastKnownFileType = sourcecode.c.objc; path = MyGitAppExampleTests.m; sourceTree = "<group>"; };
/* End PBXFileReference section */

/* Begin PBXFrameworksBuildPhase section */
		33791FD81AAF96AE00D22264 /* Frameworks */ = {
			isa = PBXFrameworksBuildPhase;
			buildActionMask = 2147483647;
			files = (
			);
			runOnlyForDeploymentPostprocessing = 0;
		};
		33791FF11AAF96AE00D22264 /* Frameworks */ = {
			isa = PBXFrameworksBuildPhase;
			buildActionMask = 2147483647;
			files = (
			);
			runOnlyForDeploymentPostprocessing = 0;
		};
/* End PBXFrameworksBuildPhase section */

/* Begin PBXGroup section */
		33791FD21AAF96AE00D22264 = {
			isa = PBXGroup;
			children = (
				33791FDD1AAF96AE00D22264 /* MyGitAppExample */,
				33791FF71AAF96AE00D22264 /* MyGitAppExampleTests */,
				33791FDC1AAF96AE00D22264 /* Products */,
			);
			sourceTree = "<group>";
		};
		33791FDC1AAF96AE00D22264 /* Products */ = {
			isa = PBXGroup;
			children = (
				33791FDB1AAF96AE00D22264 /* MyGitAppExample.app */,
				33791FF41AAF96AE00D22264 /* MyGitAppExampleTests.xctest */,
			);
			name = Products;
			sourceTree = "<group>";
		};
		33791FDD1AAF96AE00D22264 /* MyGitAppExample */ = {
			isa = PBXGroup;
			children = (
				33791FE21AAF96AE00D22264 /* AppDelegate.h */,
				33791FE31AAF96AE00D22264 /* AppDelegate.m */,
				33791FE51AAF96AE00D22264 /* ViewController.h */,
				33791FE61AAF96AE00D22264 /* ViewController.m */,
				33791FE81AAF96AE00D22264 /* Main.storyboard */,
				33791FEB1AAF96AE00D22264 /* Images.xcassets */,
				33791FED1AAF96AE00D22264 /* LaunchScreen.xib */,
				33791FDE1AAF96AE00D22264 /* Supporting Files */,
			);
			path = MyGitAppExample;
			sourceTree = "<group>";
		};
		33791FDE1AAF96AE00D22264 /* Supporting Files */ = {
			isa = PBXGroup;
			children = (
				33791FDF1AAF96AE00D22264 /* Info.plist */,
				33791FE01AAF96AE00D22264 /* main.m */,
			);
			name = "Supporting Files";
			sourceTree = "<group>";
		};
		33791FF71AAF96AE00D22264 /* MyGitAppExampleTests */ = {
			isa = PBXGroup;
			children = (
				33791FFA1AAF96AE00D22264 /* MyGitAppExampleTests.m */,
				33791FF81AAF96AE00D22264 /* Supporting Files */,
			);
			path = MyGitAppExampleTests;
			sourceTree = "<group>";
		};
		33791FF81AAF96AE00D22264 /* Supporting Files */ = {
			isa = PBXGroup;
			children = (
				33791FF91AAF96AE00D22264 /* Info.plist */,
			);
			name = "Supporting Files";
			sourceTree = "<group>";
		};
/* End PBXGroup section */

/* Begin PBXNativeTarget section */
		33791FDA1AAF96AE00D22264 /* MyGitAppExample */ = {
			isa = PBXNativeTarget;
			buildConfigurationList = 33791FFE1AAF96AE00D22264 /* Build configuration list for PBXNativeTarget "MyGitAppExample" */;
			buildPhases = (
				33791FD71AAF96AE00D22264 /* Sources */,
				33791FD81AAF96AE00D22264 /* Frameworks */,
				33791FD91AAF96AE00D22264 /* Resources */,
			);
			buildRules = (
			);
			dependencies = (
			);
			name = MyGitAppExample;
			productName = MyGitAppExample;
			productReference = 33791FDB1AAF96AE00D22264 /* MyGitAppExample.app */;
			productType = "com.apple.product-type.application";
		};
		33791FF31AAF96AE00D22264 /* MyGitAppExampleTests */ = {
			isa = PBXNativeTarget;
			buildConfigurationList = 337920011AAF96AE00D22264 /* Build configuration list for PBXNativeTarget "MyGitAppExampleTests" */;
			buildPhases = (
				33791FF01AAF96AE00D22264 /* Sources */,
				33791FF11AAF96AE00D22264 /* Frameworks */,
				33791FF21AAF96AE00D22264 /* Resources */,
			);
			buildRules = (
			);
			dependencies = (
				33791FF61AAF96AE00D22264 /* PBXTargetDependency */,
			);
			name = MyGitAppExampleTests;
			productName = MyGitAppExampleTests;
			productReference = 33791FF41AAF96AE00D22264 /* MyGitAppExampleTests.xctest */;
			productType = "com.apple.product-type.bundle.unit-test";
		};
/* End PBXNativeTarget section */

/* Begin PBXProject section */
		33791FD31AAF96AE00D22264 /* Project object */ = {
			isa = PBXProject;
			attributes = {
				LastUpgradeCheck = 0610;
				ORGANIZATIONNAME = "Mobile Makers";
				TargetAttributes = {
					33791FDA1AAF96AE00D22264 = {
						CreatedOnToolsVersion = 6.1.1;
					};
					33791FF31AAF96AE00D22264 = {
						CreatedOnToolsVersion = 6.1.1;
						TestTargetID = 33791FDA1AAF96AE00D22264;
					};
				};
			};
			buildConfigurationList = 33791FD61AAF96AE00D22264 /* Build configuration list for PBXProject "MyGitAppExample" */;
			compatibilityVersion = "Xcode 3.2";
			developmentRegion = English;
			hasScannedForEncodings = 0;
			knownRegions = (
				en,
				Base,
			);
			mainGroup = 33791FD21AAF96AE00D22264;
			productRefGroup = 33791FDC1AAF96AE00D22264 /* Products */;
			projectDirPath = "";
			projectRoot = "";
			targets = (
				33791FDA1AAF96AE00D22264 /* MyGitAppExample */,
				33791FF31AAF96AE00D22264 /* MyGitAppExampleTests */,
			);
		};
/* End PBXProject section */

/* Begin PBXResourcesBuildPhase section */
		33791FD91AAF96AE00D22264 /* Resources */ = {
			isa = PBXResourcesBuildPhase;
			buildActionMask = 2147483647;
			files = (
				33791FEA1AAF96AE00D22264 /* Main.storyboard in Resources */,
				33791FEF1AAF96AE00D22264 /* LaunchScreen.xib in Resources */,
				33791FEC1AAF96AE00D22264 /* Images.xcassets in Resources */,
			);
			runOnlyForDeploymentPostprocessing = 0;
		};
		33791FF21AAF96AE00D22264 /* Resources */ = {
			isa = PBXResourcesBuildPhase;
			buildActionMask = 2147483647;
			files = (
			);
			runOnlyForDeploymentPostprocessing = 0;
		};
/* End PBXResourcesBuildPhase section */

/* Begin PBXSourcesBuildPhase section */
		33791FD71AAF96AE00D22264 /* Sources */ = {
			isa = PBXSourcesBuildPhase;
			buildActionMask = 2147483647;
			files = (
				33791FE71AAF96AE00D22264 /* ViewController.m in Sources */,
				33791FE41AAF96AE00D22264 /* AppDelegate.m in Sources */,
				33791FE11AAF96AE00D22264 /* main.m in Sources */,
			);
			runOnlyForDeploymentPostprocessing = 0;
		};
		33791FF01AAF96AE00D22264 /* Sources */ = {
			isa = PBXSourcesBuildPhase;
			buildActionMask = 2147483647;
			files = (
				33791FFB1AAF96AE00D22264 /* MyGitAppExampleTests.m in Sources */,
			);
			runOnlyForDeploymentPostprocessing = 0;
		};
/* End PBXSourcesBuildPhase section */

/* Begin PBXTargetDependency section */
		33791FF61AAF96AE00D22264 /* PBXTargetDependency */ = {
			isa = PBXTargetDependency;
			target = 33791FDA1AAF96AE00D22264 /* MyGitAppExample */;
			targetProxy = 33791FF51AAF96AE00D22264 /* PBXContainerItemProxy */;
		};
/* End PBXTargetDependency section */

/* Begin PBXVariantGroup section */
		33791FE81AAF96AE00D22264 /* Main.storyboard */ = {
			isa = PBXVariantGroup;
			children = (
				33791FE91AAF96AE00D22264 /* Base */,
			);
			name = Main.storyboard;
			sourceTree = "<group>";
		};
		33791FED1AAF96AE00D22264 /* LaunchScreen.xib */ = {
			isa = PBXVariantGroup;
			children = (
				33791FEE1AAF96AE00D22264 /* Base */,
			);
			name = LaunchScreen.xib;
			sourceTree = "<group>";
		};
/* End PBXVariantGroup section */

/* Begin XCBuildConfiguration section */
		33791FFC1AAF96AE00D22264 /* Debug */ = {
			isa = XCBuildConfiguration;
			buildSettings = {
				ALWAYS_SEARCH_USER_PATHS = NO;
				CLANG_CXX_LANGUAGE_STANDARD = "gnu++0x";
				CLANG_CXX_LIBRARY = "libc++";
				CLANG_ENABLE_MODULES = YES;
				CLANG_ENABLE_OBJC_ARC = YES;
				CLANG_WARN_BOOL_CONVERSION = YES;
				CLANG_WARN_CONSTANT_CONVERSION = YES;
				CLANG_WARN_DIRECT_OBJC_ISA_USAGE = YES_ERROR;
				CLANG_WARN_EMPTY_BODY = YES;
				CLANG_WARN_ENUM_CONVERSION = YES;
				CLANG_WARN_INT_CONVERSION = YES;
				CLANG_WARN_OBJC_ROOT_CLASS = YES_ERROR;
				CLANG_WARN_UNREACHABLE_CODE = YES;
				CLANG_WARN__DUPLICATE_METHOD_MATCH = YES;
				"CODE_SIGN_IDENTITY[sdk=iphoneos*]" = "iPhone Developer";
				COPY_PHASE_STRIP = NO;
				ENABLE_STRICT_OBJC_MSGSEND = YES;
				GCC_C_LANGUAGE_STANDARD = gnu99;
				GCC_DYNAMIC_NO_PIC = NO;
				GCC_OPTIMIZATION_LEVEL = 0;
				GCC_PREPROCESSOR_DEFINITIONS = (
					"DEBUG=1",
					"$(inherited)",
				);
				GCC_SYMBOLS_PRIVATE_EXTERN = NO;
				GCC_WARN_64_TO_32_BIT_CONVERSION = YES;
				GCC_WARN_ABOUT_RETURN_TYPE = YES_ERROR;
				GCC_WARN_UNDECLARED_SELECTOR = YES;
				GCC_WARN_UNINITIALIZED_AUTOS = YES_AGGRESSIVE;
				GCC_WARN_UNUSED_FUNCTION = YES;
				GCC_WARN_UNUSED_VARIABLE = YES;
				IPHONEOS_DEPLOYMENT_TARGET = 8.1;
				MTL_ENABLE_DEBUG_INFO = YES;
				ONLY_ACTIVE_ARCH = YES;
				SDKROOT = iphoneos;
			};
			name = Debug;
		};
		33791FFD1AAF96AE00D22264 /* Release */ = {
			isa = XCBuildConfiguration;
			buildSettings = {
				ALWAYS_SEARCH_USER_PATHS = NO;
				CLANG_CXX_LANGUAGE_STANDARD = "gnu++0x";
				CLANG_CXX_LIBRARY = "libc++";
				CLANG_ENABLE_MODULES = YES;
				CLANG_ENABLE_OBJC_ARC = YES;
				CLANG_WARN_BOOL_CONVERSION = YES;
				CLANG_WARN_CONSTANT_CONVERSION = YES;
				CLANG_WARN_DIRECT_OBJC_ISA_USAGE = YES_ERROR;
				CLANG_WARN_EMPTY_BODY = YES;
				CLANG_WARN_ENUM_CONVERSION = YES;
				CLANG_WARN_INT_CONVERSION = YES;
				CLANG_WARN_OBJC_ROOT_CLASS = YES_ERROR;
				CLANG_WARN_UNREACHABLE_CODE = YES;
				CLANG_WARN__DUPLICATE_METHOD_MATCH = YES;
				"CODE_SIGN_IDENTITY[sdk=iphoneos*]" = "iPhone Developer";
				COPY_PHASE_STRIP = YES;
				ENABLE_NS_ASSERTIONS = NO;
				ENABLE_STRICT_OBJC_MSGSEND = YES;
				GCC_C_LANGUAGE_STANDARD = gnu99;
				GCC_WARN_64_TO_32_BIT_CONVERSION = YES;
				GCC_WARN_ABOUT_RETURN_TYPE = YES_ERROR;
				GCC_WARN_UNDECLARED_SELECTOR = YES;
				GCC_WARN_UNINITIALIZED_AUTOS = YES_AGGRESSIVE;
				GCC_WARN_UNUSED_FUNCTION = YES;
				GCC_WARN_UNUSED_VARIABLE = YES;
				IPHONEOS_DEPLOYMENT_TARGET = 8.1;
				MTL_ENABLE_DEBUG_INFO = NO;
				SDKROOT = iphoneos;
				VALIDATE_PRODUCT = YES;
			};
			name = Release;
		};
		33791FFF1AAF96AE00D22264 /* Debug */ = {
			isa = XCBuildConfiguration;
			buildSettings = {
				ASSETCATALOG_COMPILER_APPICON_NAME = AppIcon;
				INFOPLIST_FILE = MyGitAppExample/Info.plist;
				LD_RUNPATH_SEARCH_PATHS = "$(inherited) @executable_path/Frameworks";
				PRODUCT_NAME = "$(TARGET_NAME)";
			};
			name = Debug;
		};
		337920001AAF96AE00D22264 /* Release */ = {
			isa = XCBuildConfiguration;
			buildSettings = {
				ASSETCATALOG_COMPILER_APPICON_NAME = AppIcon;
				INFOPLIST_FILE = MyGitAppExample/Info.plist;
				LD_RUNPATH_SEARCH_PATHS = "$(inherited) @executable_path/Frameworks";
				PRODUCT_NAME = "$(TARGET_NAME)";
			};
			name = Release;
		};
		337920021AAF96AE00D22264 /* Debug */ = {
			isa = XCBuildConfiguration;
			buildSettings = {
				BUNDLE_LOADER = "$(TEST_HOST)";
				FRAMEWORK_SEARCH_PATHS = (
					"$(SDKROOT)/Developer/Library/Frameworks",
					"$(inherited)",
				);
				GCC_PREPROCESSOR_DEFINITIONS = (
					"DEBUG=1",
					"$(inherited)",
				);
				INFOPLIST_FILE = MyGitAppExampleTests/Info.plist;
				LD_RUNPATH_SEARCH_PATHS = "$(inherited) @executable_path/Frameworks @loader_path/Frameworks";
				PRODUCT_NAME = "$(TARGET_NAME)";
				TEST_HOST = "$(BUILT_PRODUCTS_DIR)/MyGitAppExample.app/MyGitAppExample";
			};
			name = Debug;
		};
		337920031AAF96AE00D22264 /* Release */ = {
			isa = XCBuildConfiguration;
			buildSettings = {
				BUNDLE_LOADER = "$(TEST_HOST)";
				FRAMEWORK_SEARCH_PATHS = (
					"$(SDKROOT)/Developer/Library/Frameworks",
					"$(inherited)",
				);
				INFOPLIST_FILE = MyGitAppExampleTests/Info.plist;
				LD_RUNPATH_SEARCH_PATHS = "$(inherited) @executable_path/Frameworks @loader_path/Frameworks";
				PRODUCT_NAME = "$(TARGET_NAME)";
				TEST_HOST = "$(BUILT_PRODUCTS_DIR)/MyGitAppExample.app/MyGitAppExample";
			};
			name = Release;
		};
/* End XCBuildConfiguration section */

/* Begin XCConfigurationList section */
		33791FD61AAF96AE00D22264 /* Build configuration list for PBXProject "MyGitAppExample" */ = {
			isa = XCConfigurationList;
			buildConfigurations = (
				33791FFC1AAF96AE00D22264 /* Debug */,
				33791FFD1AAF96AE00D22264 /* Release */,
			);
			defaultConfigurationIsVisible = 0;
			defaultConfigurationName = Release;
		};
		33791FFE1AAF96AE00D22264 /* Build configuration list for PBXNativeTarget "MyGitAppExample" */ = {
			isa = XCConfigurationList;
			buildConfigurations = (
				33791FFF1AAF96AE00D22264 /* Debug */,
				337920001AAF96AE00D22264 /* Release */,
			);
			defaultConfigurationIsVisible = 0;
		};
		337920011AAF96AE00D22264 /* Build configuration list for PBXNativeTarget "MyGitAppExampleTests" */ = {
			isa = XCConfigurationList;
			buildConfigurations = (
				337920021AAF96AE00D22264 /* Debug */,
				337920031AAF96AE00D22264 /* Release */,
			);
			defaultConfigurationIsVisible = 0;
		};
/* End XCConfigurationList section */
	};
	rootObject = 33791FD31AAF96AE00D22264 /* Project object */;
}
